{
  "name": "frontend",
  "lockfileVersion": 3,
  "requires": true,
  "packages": {
    "": {
      "dependencies": {
        "neobrutalismcss": "^1.0.0"
      }
    },
    "node_modules/neobrutalismcss": {
      "version": "1.0.0",
      "resolved": "https://registry.npmjs.org/neobrutalismcss/-/neobrutalismcss-1.0.0.tgz",
      "integrity": "sha512-f+eDPFe0553Rc8MDJj4QAYhQa+J30hOeLbEfDmA558h25b5nB5RyGflcLDEm04eIlqs+J8/xQiH0TIMSgCMK0w==",
      "license": "MIT"
    }
  }
}
